
Microsoft Visual Studio Solution File, Format Version 12.00
# Visual Studio 15
VisualStudioVersion = 15.0.28010.2036
MinimumVisualStudioVersion = 10.0.40219.1
Project("{FAE04EC0-301F-11D3-BF4B-00C04F79EFBC}") = "Persistance", "Persistance\Persistance.csproj", "{C3885CB5-218A-406B-B0DE-AFA5C5524C6A}"
EndProject
Project("{FAE04EC0-301F-11D3-BF4B-00C04F79EFBC}") = "MVVM", "MVVM\MVVM.csproj", "{C4A1B00B-5DC5-4C4E-A338-98BC84D40B7F}"
EndProject
Global
	GlobalSection(SolutionConfigurationPlatforms) = preSolution
		Debug|Any CPU = Debug|Any CPU
		Release|Any CPU = Release|Any CPU
	EndGlobalSection
	GlobalSection(ProjectConfigurationPlatforms) = postSolution
		{C3885CB5-218A-406B-B0DE-AFA5C5524C6A}.Debug|Any CPU.ActiveCfg = Debug|Any CPU
		{C3885CB5-218A-406B-B0DE-AFA5C5524C6A}.Debug|Any CPU.Build.0 = Debug|Any CPU
		{C3885CB5-218A-406B-B0DE-AFA5C5524C6A}.Release|Any CPU.ActiveCfg = Release|Any CPU
		{C3885CB5-218A-406B-B0DE-AFA5C5524C6A}.Release|Any CPU.Build.0 = Release|Any CPU
		{C4A1B00B-5DC5-4C4E-A338-98BC84D40B7F}.Debug|Any CPU.ActiveCfg = Debug|Any CPU
		{C4A1B00B-5DC5-4C4E-A338-98BC84D40B7F}.Debug|Any CPU.Build.0 = Debug|Any CPU
		{C4A1B00B-5DC5-4C4E-A338-98BC84D40B7F}.Release|Any CPU.ActiveCfg = Release|Any CPU
		{C4A1B00B-5DC5-4C4E-A338-98BC84D40B7F}.Release|Any CPU.Build.0 = Release|Any CPU
	EndGlobalSection
	GlobalSection(SolutionProperties) = preSolution
		HideSolutionNode = FALSE
	EndGlobalSection
	GlobalSection(ExtensibilityGlobals) = postSolution
		SolutionGuid = {F1E365C5-4729-4DA0-A3A5-6B5A76A429C4}
	EndGlobalSection
EndGlobal
